{
  "nodes": {
    "flake-parts": {
      "inputs": {
        "nixpkgs-lib": [
          "nixpkgs"
        ]
      },
      "locked": {
        "lastModified": 1749398372,
        "narHash": "sha256-tYBdgS56eXYaWVW3fsnPQ/nFlgWi/Z2Ymhyu21zVM98=",
        "owner": "hercules-ci",
        "repo": "flake-parts",
        "rev": "9305fe4e5c2a6fcf5ba6a3ff155720fbe4076569",
        "type": "github"
      },
      "original": {
        "owner": "hercules-ci",
        "repo": "flake-parts",
        "type": "github"
      }
    },
    "glove80-zmk": {
      "flake": false,
      "locked": {
        "lastModified": 1743221471,
        "narHash": "sha256-fg6gyVu42YyOxsNFcTOIaM8TdmdOiZVlLGmFufhvfjI=",
        "owner": "moergo-sc",
        "repo": "zmk",
        "rev": "598b03508c308de2139c61216eb1b2fdc447501e",
        "type": "github"
      },
      "original": {
        "owner": "moergo-sc",
        "repo": "zmk",
        "type": "github"
      }
    },
    "keymap-drawer": {
      "flake": false,
      "locked": {
        "lastModified": 1750980029,
        "narHash": "sha256-eBcNswXSAqs2j14emIbGjOM42REVNnb0aOf1qmSDOCM=",
        "owner": "caksoylar",
        "repo": "keymap-drawer",
        "rev": "020e04ff51f2196d22ed1453a35a0b2d832eef50",
        "type": "github"
      },
      "original": {
        "owner": "caksoylar",
        "repo": "keymap-drawer",
        "type": "github"
      }
    },
    "nixpkgs": {
      "locked": {
        "lastModified": 1751011381,
        "narHash": "sha256-krGXKxvkBhnrSC/kGBmg5MyupUUT5R6IBCLEzx9jhMM=",
        "owner": "nixos",
        "repo": "nixpkgs",
        "rev": "30e2e2857ba47844aa71991daa6ed1fc678bcbb7",
        "type": "github"
      },
      "original": {
        "owner": "nixos",
        "ref": "nixos-unstable",
        "repo": "nixpkgs",
        "type": "github"
      }
    },
    "root": {
      "inputs": {
        "flake-parts": "flake-parts",
        "glove80-zmk": "glove80-zmk",
        "keymap-drawer": "keymap-drawer",
        "nixpkgs": "nixpkgs"
      }
    }
  },
  "root": "root",
  "version": 7
}
