{
  "nodes": {
    "flake-parts": {
      "inputs": {
        "nixpkgs-lib": [
          "nixpkgs"
        ]
      },
      "locked": {
        "lastModified": 1754487366,
        "narHash": "sha256-pHYj8gUBapuUzKV/kN/tR3Zvqc7o6gdFB9XKXIp1SQ8=",
        "owner": "hercules-ci",
        "repo": "flake-parts",
        "rev": "af66ad14b28a127c5c0f3bbb298218fc63528a18",
        "type": "github"
      },
      "original": {
        "owner": "hercules-ci",
        "repo": "flake-parts",
        "type": "github"
      }
    },
    "glove80-zmk": {
      "flake": false,
      "locked": {
        "lastModified": 1754104430,
        "narHash": "sha256-lfW2QBadlPjO7Q4pVs7ZgEBbhh/i+hONWGG/WCkn5eo=",
        "owner": "moergo-sc",
        "repo": "zmk",
        "rev": "395eb4ae2160f372585f74ce3a82aefb5905f38f",
        "type": "github"
      },
      "original": {
        "owner": "moergo-sc",
        "repo": "zmk",
        "type": "github"
      }
    },
    "nixpkgs": {
      "locked": {
        "lastModified": 1756386758,
        "narHash": "sha256-1wxxznpW2CKvI9VdniaUnTT2Os6rdRJcRUf65ZK9OtE=",
        "owner": "nixos",
        "repo": "nixpkgs",
        "rev": "dfb2f12e899db4876308eba6d93455ab7da304cd",
        "type": "github"
      },
      "original": {
        "owner": "nixos",
        "ref": "nixos-unstable",
        "repo": "nixpkgs",
        "type": "github"
      }
    },
    "root": {
      "inputs": {
        "flake-parts": "flake-parts",
        "glove80-zmk": "glove80-zmk",
        "nixpkgs": "nixpkgs"
      }
    }
  },
  "root": "root",
  "version": 7
}
